
Microsoft Visual Studio Solution File, Format Version 12.00
# Visual Studio Version 17
VisualStudioVersion = 17.14.37111.16 d17.14
MinimumVisualStudioVersion = 10.0.40219.1
Project("{FAE04EC0-301F-11D3-BF4B-00C04F79EFBC}") = "WebProxyAuditor.API", "WebProxyAuditor.API.csproj", "{17FD8EF0-00AA-4CE6-A567-2A4227AC74D9}"
EndProject
Global
	GlobalSection(SolutionConfigurationPlatforms) = preSolution
		Debug|Any CPU = Debug|Any CPU
		Release|Any CPU = Release|Any CPU
	EndGlobalSection
	GlobalSection(ProjectConfigurationPlatforms) = postSolution
		{17FD8EF0-00AA-4CE6-A567-2A4227AC74D9}.Debug|Any CPU.ActiveCfg = Debug|Any CPU
		{17FD8EF0-00AA-4CE6-A567-2A4227AC74D9}.Debug|Any CPU.Build.0 = Debug|Any CPU
		{17FD8EF0-00AA-4CE6-A567-2A4227AC74D9}.Release|Any CPU.ActiveCfg = Release|Any CPU
		{17FD8EF0-00AA-4CE6-A567-2A4227AC74D9}.Release|Any CPU.Build.0 = Release|Any CPU
	EndGlobalSection
	GlobalSection(SolutionProperties) = preSolution
		HideSolutionNode = FALSE
	EndGlobalSection
	GlobalSection(ExtensibilityGlobals) = postSolution
		SolutionGuid = {37B863AE-6404-47BE-8728-5910B837AF1F}
	EndGlobalSection
EndGlobal
